// !$*UTF8*$!
{
	archiveVersion = 1;
	classes = {
	};
	objectVersion = 50;
	objects = {

/* Begin PBXBuildFile section */
		173FD54A2802B3A1003D42E3 /* Portfolio.swift in Sources */ = {isa = PBXBuildFile; fileRef = 173FD5492802B3A0003D42E3 /* Portfolio.swift */; };
		173FD54E2802B556003D42E3 /* PortfolioModel.swift in Sources */ = {isa = PBXBuildFile; fileRef = 173FD54D2802B556003D42E3 /* PortfolioModel.swift */; };
		174287AB27FCB1980008D63F /* PortfolioApp.swift in Sources */ = {isa = PBXBuildFile; fileRef = 174287AA27FCB1980008D63F /* PortfolioApp.swift */; };
		174287AD27FCB1980008D63F /* PortfolioView.swift in Sources */ = {isa = PBXBuildFile; fileRef = 174287AC27FCB1980008D63F /* PortfolioView.swift */; };
		174287AF27FCB19A0008D63F /* Assets.xcassets in Resources */ = {isa = PBXBuildFile; fileRef = 174287AE27FCB19A0008D63F /* Assets.xcassets */; };
		174287B227FCB19A0008D63F /* Preview Assets.xcassets in Resources */ = {isa = PBXBuildFile; fileRef = 174287B127FCB19A0008D63F /* Preview Assets.xcassets */; };
		178C3E542805F06600E88945 /* HeaderView.swift in Sources */ = {isa = PBXBuildFile; fileRef = 178C3E532805F06600E88945 /* HeaderView.swift */; };
		178C3E582806029100E88945 /* SkillView.swift in Sources */ = {isa = PBXBuildFile; fileRef = 178C3E572806029100E88945 /* SkillView.swift */; };
		179415B828083ED7001EEE21 /* ExperienceView.swift in Sources */ = {isa = PBXBuildFile; fileRef = 179415B728083ED7001EEE21 /* ExperienceView.swift */; };
		179415C128088E4F001EEE21 /* SkillsView.swift in Sources */ = {isa = PBXBuildFile; fileRef = 179415C028088E4F001EEE21 /* SkillsView.swift */; };
		179415C62808ABCA001EEE21 /* ExperiencesView.swift in Sources */ = {isa = PBXBuildFile; fileRef = 179415C52808ABCA001EEE21 /* ExperiencesView.swift */; };
/* End PBXBuildFile section */

/* Begin PBXFileReference section */
		173FD5492802B3A0003D42E3 /* Portfolio.swift */ = {isa = PBXFileReference; lastKnownFileType = sourcecode.swift; path = Portfolio.swift; sourceTree = "<group>"; };
		173FD54D2802B556003D42E3 /* PortfolioModel.swift */ = {isa = PBXFileReference; lastKnownFileType = sourcecode.swift; path = PortfolioModel.swift; sourceTree = "<group>"; };
		174287A727FCB1980008D63F /* Portfolio.app */ = {isa = PBXFileReference; explicitFileType = wrapper.application; includeInIndex = 0; path = Portfolio.app; sourceTree = BUILT_PRODUCTS_DIR; };
		174287AA27FCB1980008D63F /* PortfolioApp.swift */ = {isa = PBXFileReference; lastKnownFileType = sourcecode.swift; path = PortfolioApp.swift; sourceTree = "<group>"; };
		174287AC27FCB1980008D63F /* PortfolioView.swift */ = {isa = PBXFileReference; lastKnownFileType = sourcecode.swift; path = PortfolioView.swift; sourceTree = "<group>"; };
		174287AE27FCB19A0008D63F /* Assets.xcassets */ = {isa = PBXFileReference; lastKnownFileType = folder.assetcatalog; path = Assets.xcassets; sourceTree = "<group>"; };
		174287B127FCB19A0008D63F /* Preview Assets.xcassets */ = {isa = PBXFileReference; lastKnownFileType = folder.assetcatalog; path = "Preview Assets.xcassets"; sourceTree = "<group>"; };
		174287B327FCB19A0008D63F /* Info.plist */ = {isa = PBXFileReference; lastKnownFileType = text.plist.xml; path = Info.plist; sourceTree = "<group>"; };
		178C3E532805F06600E88945 /* HeaderView.swift */ = {isa = PBXFileReference; lastKnownFileType = sourcecode.swift; path = HeaderView.swift; sourceTree = "<group>"; };
		178C3E572806029100E88945 /* SkillView.swift */ = {isa = PBXFileReference; lastKnownFileType = sourcecode.swift; path = SkillView.swift; sourceTree = "<group>"; };
		179415B728083ED7001EEE21 /* ExperienceView.swift */ = {isa = PBXFileReference; lastKnownFileType = sourcecode.swift; path = ExperienceView.swift; sourceTree = "<group>"; };
		179415C028088E4F001EEE21 /* SkillsView.swift */ = {isa = PBXFileReference; lastKnownFileType = sourcecode.swift; path = SkillsView.swift; sourceTree = "<group>"; };
		179415C52808ABCA001EEE21 /* ExperiencesView.swift */ = {isa = PBXFileReference; lastKnownFileType = sourcecode.swift; path = ExperiencesView.swift; sourceTree = "<group>"; };
		17D2D748280992BA006695C5 /* Nunito-VariableFont_wght.ttf */ = {isa = PBXFileReference; lastKnownFileType = file; path = "Nunito-VariableFont_wght.ttf"; sourceTree = "<group>"; };
/* End PBXFileReference section */

/* Begin PBXFrameworksBuildPhase section */
		174287A427FCB1980008D63F /* Frameworks */ = {
			isa = PBXFrameworksBuildPhase;
			buildActionMask = 2147483647;
			files = (
			);
			runOnlyForDeploymentPostprocessing = 0;
		};
/* End PBXFrameworksBuildPhase section */

/* Begin PBXGroup section */
		173FD54C2802B537003D42E3 /* Model */ = {
			isa = PBXGroup;
			children = (
				173FD5492802B3A0003D42E3 /* Portfolio.swift */,
				173FD54D2802B556003D42E3 /* PortfolioModel.swift */,
			);
			path = Model;
			sourceTree = "<group>";
		};
		1742879E27FCB1980008D63F = {
			isa = PBXGroup;
			children = (
				174287A927FCB1980008D63F /* Portfolio */,
				174287A827FCB1980008D63F /* Products */,
			);
			sourceTree = "<group>";
		};
		174287A827FCB1980008D63F /* Products */ = {
			isa = PBXGroup;
			children = (
				174287A727FCB1980008D63F /* Portfolio.app */,
			);
			name = Products;
			sourceTree = "<group>";
		};
		174287A927FCB1980008D63F /* Portfolio */ = {
			isa = PBXGroup;
			children = (
				178C3E522805F02E00E88945 /* Support View */,
				173FD54C2802B537003D42E3 /* Model */,
				174287BA27FCB7060008D63F /* Views */,
				174287AA27FCB1980008D63F /* PortfolioApp.swift */,
				174287AE27FCB19A0008D63F /* Assets.xcassets */,
				174287B327FCB19A0008D63F /* Info.plist */,
				174287B027FCB19A0008D63F /* Preview Content */,
			);
			path = Portfolio;
			sourceTree = "<group>";
		};
		174287B027FCB19A0008D63F /* Preview Content */ = {
			isa = PBXGroup;
			children = (
				174287B127FCB19A0008D63F /* Preview Assets.xcassets */,
			);
			path = "Preview Content";
			sourceTree = "<group>";
		};
		174287BA27FCB7060008D63F /* Views */ = {
			isa = PBXGroup;
			children = (
				17D2D748280992BA006695C5 /* Nunito-VariableFont_wght.ttf */,
			);
			path = Views;
			sourceTree = "<group>";
		};
		178C3E522805F02E00E88945 /* Support View */ = {
			isa = PBXGroup;
			children = (
				174287AC27FCB1980008D63F /* PortfolioView.swift */,
				178C3E532805F06600E88945 /* HeaderView.swift */,
				178C3E572806029100E88945 /* SkillView.swift */,
				179415B728083ED7001EEE21 /* ExperienceView.swift */,
				179415C028088E4F001EEE21 /* SkillsView.swift */,
				179415C52808ABCA001EEE21 /* ExperiencesView.swift */,
			);
			path = "Support View";
			sourceTree = "<group>";
		};
/* End PBXGroup section */

/* Begin PBXNativeTarget section */
		174287A627FCB1980008D63F /* Portfolio */ = {
			isa = PBXNativeTarget;
			buildConfigurationList = 174287B627FCB19A0008D63F /* Build configuration list for PBXNativeTarget "Portfolio" */;
			buildPhases = (
				174287A327FCB1980008D63F /* Sources */,
				174287A427FCB1980008D63F /* Frameworks */,
				174287A527FCB1980008D63F /* Resources */,
			);
			buildRules = (
			);
			dependencies = (
			);
			name = Portfolio;
			productName = Portfolio;
			productReference = 174287A727FCB1980008D63F /* Portfolio.app */;
			productType = "com.apple.product-type.application";
		};
/* End PBXNativeTarget section */

/* Begin PBXProject section */
		1742879F27FCB1980008D63F /* Project object */ = {
			isa = PBXProject;
			attributes = {
				LastSwiftUpdateCheck = 1240;
				LastUpgradeCheck = 1240;
				TargetAttributes = {
					174287A627FCB1980008D63F = {
						CreatedOnToolsVersion = 12.4;
					};
				};
			};
			buildConfigurationList = 174287A227FCB1980008D63F /* Build configuration list for PBXProject "Portfolio" */;
			compatibilityVersion = "Xcode 9.3";
			developmentRegion = en;
			hasScannedForEncodings = 0;
			knownRegions = (
				en,
				Base,
			);
			mainGroup = 1742879E27FCB1980008D63F;
			productRefGroup = 174287A827FCB1980008D63F /* Products */;
			projectDirPath = "";
			projectRoot = "";
			targets = (
				174287A627FCB1980008D63F /* Portfolio */,
			);
		};
/* End PBXProject section */

/* Begin PBXResourcesBuildPhase section */
		174287A527FCB1980008D63F /* Resources */ = {
			isa = PBXResourcesBuildPhase;
			buildActionMask = 2147483647;
			files = (
				174287B227FCB19A0008D63F /* Preview Assets.xcassets in Resources */,
				174287AF27FCB19A0008D63F /* Assets.xcassets in Resources */,
			);
			runOnlyForDeploymentPostprocessing = 0;
		};
/* End PBXResourcesBuildPhase section */

/* Begin PBXSourcesBuildPhase section */
		174287A327FCB1980008D63F /* Sources */ = {
			isa = PBXSourcesBuildPhase;
			buildActionMask = 2147483647;
			files = (
				179415C128088E4F001EEE21 /* SkillsView.swift in Sources */,
				178C3E582806029100E88945 /* SkillView.swift in Sources */,
				179415B828083ED7001EEE21 /* ExperienceView.swift in Sources */,
				178C3E542805F06600E88945 /* HeaderView.swift in Sources */,
				179415C62808ABCA001EEE21 /* ExperiencesView.swift in Sources */,
				173FD54A2802B3A1003D42E3 /* Portfolio.swift in Sources */,
				174287AD27FCB1980008D63F /* PortfolioView.swift in Sources */,
				173FD54E2802B556003D42E3 /* PortfolioModel.swift in Sources */,
				174287AB27FCB1980008D63F /* PortfolioApp.swift in Sources */,
			);
			runOnlyForDeploymentPostprocessing = 0;
		};
/* End PBXSourcesBuildPhase section */

/* Begin XCBuildConfiguration section */
		174287B427FCB19A0008D63F /* Debug */ = {
			isa = XCBuildConfiguration;
			buildSettings = {
				ALWAYS_SEARCH_USER_PATHS = NO;
				CLANG_ANALYZER_NONNULL = YES;
				CLANG_ANALYZER_NUMBER_OBJECT_CONVERSION = YES_AGGRESSIVE;
				CLANG_CXX_LANGUAGE_STANDARD = "gnu++14";
				CLANG_CXX_LIBRARY = "libc++";
				CLANG_ENABLE_MODULES = YES;
				CLANG_ENABLE_OBJC_ARC = YES;
				CLANG_ENABLE_OBJC_WEAK = YES;
				CLANG_WARN_BLOCK_CAPTURE_AUTORELEASING = YES;
				CLANG_WARN_BOOL_CONVERSION = YES;
				CLANG_WARN_COMMA = YES;
				CLANG_WARN_CONSTANT_CONVERSION = YES;
				CLANG_WARN_DEPRECATED_OBJC_IMPLEMENTATIONS = YES;
				CLANG_WARN_DIRECT_OBJC_ISA_USAGE = YES_ERROR;
				CLANG_WARN_DOCUMENTATION_COMMENTS = YES;
				CLANG_WARN_EMPTY_BODY = YES;
				CLANG_WARN_ENUM_CONVERSION = YES;
				CLANG_WARN_INFINITE_RECURSION = YES;
				CLANG_WARN_INT_CONVERSION = YES;
				CLANG_WARN_NON_LITERAL_NULL_CONVERSION = YES;
				CLANG_WARN_OBJC_IMPLICIT_RETAIN_SELF = YES;
				CLANG_WARN_OBJC_LITERAL_CONVERSION = YES;
				CLANG_WARN_OBJC_ROOT_CLASS = YES_ERROR;
				CLANG_WARN_QUOTED_INCLUDE_IN_FRAMEWORK_HEADER = YES;
				CLANG_WARN_RANGE_LOOP_ANALYSIS = YES;
				CLANG_WARN_STRICT_PROTOTYPES = YES;
				CLANG_WARN_SUSPICIOUS_MOVE = YES;
				CLANG_WARN_UNGUARDED_AVAILABILITY = YES_AGGRESSIVE;
				CLANG_WARN_UNREACHABLE_CODE = YES;
				CLANG_WARN__DUPLICATE_METHOD_MATCH = YES;
				COPY_PHASE_STRIP = NO;
				DEBUG_INFORMATION_FORMAT = dwarf;
				ENABLE_STRICT_OBJC_MSGSEND = YES;
				ENABLE_TESTABILITY = YES;
				GCC_C_LANGUAGE_STANDARD = gnu11;
				GCC_DYNAMIC_NO_PIC = NO;
				GCC_NO_COMMON_BLOCKS = YES;
				GCC_OPTIMIZATION_LEVEL = 0;
				GCC_PREPROCESSOR_DEFINITIONS = (
					"DEBUG=1",
					"$(inherited)",
				);
				GCC_WARN_64_TO_32_BIT_CONVERSION = YES;
				GCC_WARN_ABOUT_RETURN_TYPE = YES_ERROR;
				GCC_WARN_UNDECLARED_SELECTOR = YES;
				GCC_WARN_UNINITIALIZED_AUTOS = YES_AGGRESSIVE;
				GCC_WARN_UNUSED_FUNCTION = YES;
				GCC_WARN_UNUSED_VARIABLE = YES;
				IPHONEOS_DEPLOYMENT_TARGET = 14.4;
				MTL_ENABLE_DEBUG_INFO = INCLUDE_SOURCE;
				MTL_FAST_MATH = YES;
				ONLY_ACTIVE_ARCH = YES;
				SDKROOT = iphoneos;
				SWIFT_ACTIVE_COMPILATION_CONDITIONS = DEBUG;
				SWIFT_OPTIMIZATION_LEVEL = "-Onone";
			};
			name = Debug;
		};
		174287B527FCB19A0008D63F /* Release */ = {
			isa = XCBuildConfiguration;
			buildSettings = {
				ALWAYS_SEARCH_USER_PATHS = NO;
				CLANG_ANALYZER_NONNULL = YES;
				CLANG_ANALYZER_NUMBER_OBJECT_CONVERSION = YES_AGGRESSIVE;
				CLANG_CXX_LANGUAGE_STANDARD = "gnu++14";
				CLANG_CXX_LIBRARY = "libc++";
				CLANG_ENABLE_MODULES = YES;
				CLANG_ENABLE_OBJC_ARC = YES;
				CLANG_ENABLE_OBJC_WEAK = YES;
				CLANG_WARN_BLOCK_CAPTURE_AUTORELEASING = YES;
				CLANG_WARN_BOOL_CONVERSION = YES;
				CLANG_WARN_COMMA = YES;
				CLANG_WARN_CONSTANT_CONVERSION = YES;
				CLANG_WARN_DEPRECATED_OBJC_IMPLEMENTATIONS = YES;
				CLANG_WARN_DIRECT_OBJC_ISA_USAGE = YES_ERROR;
				CLANG_WARN_DOCUMENTATION_COMMENTS = YES;
				CLANG_WARN_EMPTY_BODY = YES;
				CLANG_WARN_ENUM_CONVERSION = YES;
				CLANG_WARN_INFINITE_RECURSION = YES;
				CLANG_WARN_INT_CONVERSION = YES;
				CLANG_WARN_NON_LITERAL_NULL_CONVERSION = YES;
				CLANG_WARN_OBJC_IMPLICIT_RETAIN_SELF = YES;
				CLANG_WARN_OBJC_LITERAL_CONVERSION = YES;
				CLANG_WARN_OBJC_ROOT_CLASS = YES_ERROR;
				CLANG_WARN_QUOTED_INCLUDE_IN_FRAMEWORK_HEADER = YES;
				CLANG_WARN_RANGE_LOOP_ANALYSIS = YES;
				CLANG_WARN_STRICT_PROTOTYPES = YES;
				CLANG_WARN_SUSPICIOUS_MOVE = YES;
				CLANG_WARN_UNGUARDED_AVAILABILITY = YES_AGGRESSIVE;
				CLANG_WARN_UNREACHABLE_CODE = YES;
				CLANG_WARN__DUPLICATE_METHOD_MATCH = YES;
				COPY_PHASE_STRIP = NO;
				DEBUG_INFORMATION_FORMAT = "dwarf-with-dsym";
				ENABLE_NS_ASSERTIONS = NO;
				ENABLE_STRICT_OBJC_MSGSEND = YES;
				GCC_C_LANGUAGE_STANDARD = gnu11;
				GCC_NO_COMMON_BLOCKS = YES;
				GCC_WARN_64_TO_32_BIT_CONVERSION = YES;
				GCC_WARN_ABOUT_RETURN_TYPE = YES_ERROR;
				GCC_WARN_UNDECLARED_SELECTOR = YES;
				GCC_WARN_UNINITIALIZED_AUTOS = YES_AGGRESSIVE;
				GCC_WARN_UNUSED_FUNCTION = YES;
				GCC_WARN_UNUSED_VARIABLE = YES;
				IPHONEOS_DEPLOYMENT_TARGET = 14.4;
				MTL_ENABLE_DEBUG_INFO = NO;
				MTL_FAST_MATH = YES;
				SDKROOT = iphoneos;
				SWIFT_COMPILATION_MODE = wholemodule;
				SWIFT_OPTIMIZATION_LEVEL = "-O";
				VALIDATE_PRODUCT = YES;
			};
			name = Release;
		};
		174287B727FCB19A0008D63F /* Debug */ = {
			isa = XCBuildConfiguration;
			buildSettings = {
				ASSETCATALOG_COMPILER_APPICON_NAME = AppIcon;
				ASSETCATALOG_COMPILER_GLOBAL_ACCENT_COLOR_NAME = AccentColor;
				CODE_SIGN_STYLE = Automatic;
				DEVELOPMENT_ASSET_PATHS = "\"Portfolio/Preview Content\"";
				DEVELOPMENT_TEAM = 8D85TD3LAB;
				ENABLE_PREVIEWS = YES;
				INFOPLIST_FILE = Portfolio/Info.plist;
				IPHONEOS_DEPLOYMENT_TARGET = 14.4;
				LD_RUNPATH_SEARCH_PATHS = (
					"$(inherited)",
					"@executable_path/Frameworks",
				);
				PRODUCT_BUNDLE_IDENTIFIER = Prince.Portfolio;
				PRODUCT_NAME = "$(TARGET_NAME)";
				SWIFT_VERSION = 5.0;
				TARGETED_DEVICE_FAMILY = "1,2";
			};
			name = Debug;
		};
		174287B827FCB19A0008D63F /* Release */ = {
			isa = XCBuildConfiguration;
			buildSettings = {
				ASSETCATALOG_COMPILER_APPICON_NAME = AppIcon;
				ASSETCATALOG_COMPILER_GLOBAL_ACCENT_COLOR_NAME = AccentColor;
				CODE_SIGN_STYLE = Automatic;
				DEVELOPMENT_ASSET_PATHS = "\"Portfolio/Preview Content\"";
				DEVELOPMENT_TEAM = 8D85TD3LAB;
				ENABLE_PREVIEWS = YES;
				INFOPLIST_FILE = Portfolio/Info.plist;
				IPHONEOS_DEPLOYMENT_TARGET = 14.4;
				LD_RUNPATH_SEARCH_PATHS = (
					"$(inherited)",
					"@executable_path/Frameworks",
				);
				PRODUCT_BUNDLE_IDENTIFIER = Prince.Portfolio;
				PRODUCT_NAME = "$(TARGET_NAME)";
				SWIFT_VERSION = 5.0;
				TARGETED_DEVICE_FAMILY = "1,2";
			};
			name = Release;
		};
/* End XCBuildConfiguration section */

/* Begin XCConfigurationList section */
		174287A227FCB1980008D63F /* Build configuration list for PBXProject "Portfolio" */ = {
			isa = XCConfigurationList;
			buildConfigurations = (
				174287B427FCB19A0008D63F /* Debug */,
				174287B527FCB19A0008D63F /* Release */,
			);
			defaultConfigurationIsVisible = 0;
			defaultConfigurationName = Release;
		};
		174287B627FCB19A0008D63F /* Build configuration list for PBXNativeTarget "Portfolio" */ = {
			isa = XCConfigurationList;
			buildConfigurations = (
				174287B727FCB19A0008D63F /* Debug */,
				174287B827FCB19A0008D63F /* Release */,
			);
			defaultConfigurationIsVisible = 0;
			defaultConfigurationName = Release;
		};
/* End XCConfigurationList section */
	};
	rootObject = 1742879F27FCB1980008D63F /* Project object */;
}
